
Microsoft Visual Studio Solution File, Format Version 12.00
# Visual Studio 15
VisualStudioVersion = 15.0.28307.645
MinimumVisualStudioVersion = 10.0.40219.1
Project("{9A19103F-16F7-4668-BE54-9A1E7A4F7556}") = "mafia_kz", "mafia_kz.csproj", "{B56FD9E2-FE4B-4554-B20C-9491F5E275A1}"
EndProject
Global
	GlobalSection(SolutionConfigurationPlatforms) = preSolution
		Debug|Any CPU = Debug|Any CPU
		Release|Any CPU = Release|Any CPU
	EndGlobalSection
	GlobalSection(ProjectConfigurationPlatforms) = postSolution
		{B56FD9E2-FE4B-4554-B20C-9491F5E275A1}.Debug|Any CPU.ActiveCfg = Debug|Any CPU
		{B56FD9E2-FE4B-4554-B20C-9491F5E275A1}.Debug|Any CPU.Build.0 = Debug|Any CPU
		{B56FD9E2-FE4B-4554-B20C-9491F5E275A1}.Release|Any CPU.ActiveCfg = Release|Any CPU
		{B56FD9E2-FE4B-4554-B20C-9491F5E275A1}.Release|Any CPU.Build.0 = Release|Any CPU
	EndGlobalSection
	GlobalSection(SolutionProperties) = preSolution
		HideSolutionNode = FALSE
	EndGlobalSection
	GlobalSection(ExtensibilityGlobals) = postSolution
		SolutionGuid = {89C12659-2C84-4702-96FD-39A34181E2B8}
	EndGlobalSection
EndGlobal
